PODS:
  - Alamofire (1.3.1)
  - CCMRadarView (1.0.0)
  - Realm (0.94.1):
    - Realm/Headers (= 0.94.1)
  - Realm/Headers (0.94.1)
  - RealmSwift (0.94.1):
    - Realm (= 0.94.1)
  - STZPopupView (1.0.1)
  - SwiftQRCode (1.0.3)

DEPENDENCIES:
  - Alamofire (~> 1.3)
  - CCMRadarView (~> 1.0)
  - RealmSwift
  - STZPopupView (~> 1.0)
  - SwiftQRCode (~> 1.0)

SPEC CHECKSUMS:
  Alamofire: e4ab637e3195b645c814b87a652373439e59f2a4
  CCMRadarView: 29df2ff76cb5fdb2d4ebd522d7efbfd1f6a0f22f
  Realm: d999a6cf0b41577a077349c9cc9d496cc62a7d17
  RealmSwift: 06b60ff5b1338755654d39aab44ac38001600f76
  STZPopupView: 0e98857143c3ac0a7fffa95caa5378b712e10b0b
  SwiftQRCode: ecbe159f53c114f9ae6ed6a5da2253c9b5a5c436

COCOAPODS: 0.38.2
