// !$*UTF8*$!
{
	archiveVersion = 1;
	classes = {
	};
	objectVersion = 46;
	objects = {

/* Begin PBXBuildFile section */
		A934E1651B6726480088B64C /* QuestViewController.swift in Sources */ = {isa = PBXBuildFile; fileRef = A934E1641B6726480088B64C /* QuestViewController.swift */; };
		A934E16B1B672B130088B64C /* UIKit.framework in Frameworks */ = {isa = PBXBuildFile; fileRef = A934E16A1B672B130088B64C /* UIKit.framework */; };
		A934E16D1B672B520088B64C /* QuestCell.swift in Sources */ = {isa = PBXBuildFile; fileRef = A934E16C1B672B520088B64C /* QuestCell.swift */; };
		A99966891B662E23008F752B /* AppDelegate.swift in Sources */ = {isa = PBXBuildFile; fileRef = A99966881B662E23008F752B /* AppDelegate.swift */; };
		A999668E1B662E23008F752B /* Main.storyboard in Resources */ = {isa = PBXBuildFile; fileRef = A999668C1B662E23008F752B /* Main.storyboard */; };
		A99966901B662E23008F752B /* Images.xcassets in Resources */ = {isa = PBXBuildFile; fileRef = A999668F1B662E23008F752B /* Images.xcassets */; };
		A99966931B662E23008F752B /* LaunchScreen.xib in Resources */ = {isa = PBXBuildFile; fileRef = A99966911B662E23008F752B /* LaunchScreen.xib */; };
		A999669F1B662E23008F752B /* SciWeek58Tests.swift in Sources */ = {isa = PBXBuildFile; fileRef = A999669E1B662E23008F752B /* SciWeek58Tests.swift */; };
/* End PBXBuildFile section */

/* Begin PBXContainerItemProxy section */
		A99966991B662E23008F752B /* PBXContainerItemProxy */ = {
			isa = PBXContainerItemProxy;
			containerPortal = A999667B1B662E22008F752B /* Project object */;
			proxyType = 1;
			remoteGlobalIDString = A99966821B662E23008F752B;
			remoteInfo = SciWeek58;
		};
/* End PBXContainerItemProxy section */

/* Begin PBXFileReference section */
		A934E1641B6726480088B64C /* QuestViewController.swift */ = {isa = PBXFileReference; fileEncoding = 4; lastKnownFileType = sourcecode.swift; path = QuestViewController.swift; sourceTree = "<group>"; };
		A934E16A1B672B130088B64C /* UIKit.framework */ = {isa = PBXFileReference; lastKnownFileType = wrapper.framework; name = UIKit.framework; path = System/Library/Frameworks/UIKit.framework; sourceTree = SDKROOT; };
		A934E16C1B672B520088B64C /* QuestCell.swift */ = {isa = PBXFileReference; fileEncoding = 4; lastKnownFileType = sourcecode.swift; path = QuestCell.swift; sourceTree = "<group>"; };
		A99966831B662E23008F752B /* SciWeek58.app */ = {isa = PBXFileReference; explicitFileType = wrapper.application; includeInIndex = 0; path = SciWeek58.app; sourceTree = BUILT_PRODUCTS_DIR; };
		A99966871B662E23008F752B /* Info.plist */ = {isa = PBXFileReference; lastKnownFileType = text.plist.xml; path = Info.plist; sourceTree = "<group>"; };
		A99966881B662E23008F752B /* AppDelegate.swift */ = {isa = PBXFileReference; lastKnownFileType = sourcecode.swift; path = AppDelegate.swift; sourceTree = "<group>"; };
		A999668D1B662E23008F752B /* Base */ = {isa = PBXFileReference; lastKnownFileType = file.storyboard; name = Base; path = Base.lproj/Main.storyboard; sourceTree = "<group>"; };
		A999668F1B662E23008F752B /* Images.xcassets */ = {isa = PBXFileReference; lastKnownFileType = folder.assetcatalog; path = Images.xcassets; sourceTree = "<group>"; };
		A99966921B662E23008F752B /* Base */ = {isa = PBXFileReference; lastKnownFileType = file.xib; name = Base; path = Base.lproj/LaunchScreen.xib; sourceTree = "<group>"; };
		A99966981B662E23008F752B /* SciWeek58Tests.xctest */ = {isa = PBXFileReference; explicitFileType = wrapper.cfbundle; includeInIndex = 0; path = SciWeek58Tests.xctest; sourceTree = BUILT_PRODUCTS_DIR; };
		A999669D1B662E23008F752B /* Info.plist */ = {isa = PBXFileReference; lastKnownFileType = text.plist.xml; path = Info.plist; sourceTree = "<group>"; };
		A999669E1B662E23008F752B /* SciWeek58Tests.swift */ = {isa = PBXFileReference; lastKnownFileType = sourcecode.swift; path = SciWeek58Tests.swift; sourceTree = "<group>"; };
/* End PBXFileReference section */

/* Begin PBXFrameworksBuildPhase section */
		A99966801B662E23008F752B /* Frameworks */ = {
			isa = PBXFrameworksBuildPhase;
			buildActionMask = 2147483647;
			files = (
				A934E16B1B672B130088B64C /* UIKit.framework in Frameworks */,
			);
			runOnlyForDeploymentPostprocessing = 0;
		};
		A99966951B662E23008F752B /* Frameworks */ = {
			isa = PBXFrameworksBuildPhase;
			buildActionMask = 2147483647;
			files = (
			);
			runOnlyForDeploymentPostprocessing = 0;
		};
/* End PBXFrameworksBuildPhase section */

/* Begin PBXGroup section */
		A934E1661B6727590088B64C /* Managers */ = {
			isa = PBXGroup;
			children = (
			);
			name = Managers;
			sourceTree = "<group>";
		};
		A934E1671B6727710088B64C /* Controllers */ = {
			isa = PBXGroup;
			children = (
				A934E1641B6726480088B64C /* QuestViewController.swift */,
			);
			name = Controllers;
			sourceTree = "<group>";
		};
		A934E1681B67279F0088B64C /* ViewCell */ = {
			isa = PBXGroup;
			children = (
				A934E16C1B672B520088B64C /* QuestCell.swift */,
			);
			name = ViewCell;
			sourceTree = "<group>";
		};
		A934E1691B6727B40088B64C /* Models */ = {
			isa = PBXGroup;
			children = (
			);
			name = Models;
			sourceTree = "<group>";
		};
		A999667A1B662E22008F752B = {
			isa = PBXGroup;
			children = (
				A934E16A1B672B130088B64C /* UIKit.framework */,
				A99966851B662E23008F752B /* SciWeek58 */,
				A999669B1B662E23008F752B /* SciWeek58Tests */,
				A99966841B662E23008F752B /* Products */,
			);
			sourceTree = "<group>";
		};
		A99966841B662E23008F752B /* Products */ = {
			isa = PBXGroup;
			children = (
				A99966831B662E23008F752B /* SciWeek58.app */,
				A99966981B662E23008F752B /* SciWeek58Tests.xctest */,
			);
			name = Products;
			sourceTree = "<group>";
		};
		A99966851B662E23008F752B /* SciWeek58 */ = {
			isa = PBXGroup;
			children = (
				A99966881B662E23008F752B /* AppDelegate.swift */,
				A999668C1B662E23008F752B /* Main.storyboard */,
				A934E1661B6727590088B64C /* Managers */,
				A934E1691B6727B40088B64C /* Models */,
				A934E1681B67279F0088B64C /* ViewCell */,
				A934E1671B6727710088B64C /* Controllers */,
				A999668F1B662E23008F752B /* Images.xcassets */,
				A99966911B662E23008F752B /* LaunchScreen.xib */,
				A99966861B662E23008F752B /* Supporting Files */,
			);
			path = SciWeek58;
			sourceTree = "<group>";
		};
		A99966861B662E23008F752B /* Supporting Files */ = {
			isa = PBXGroup;
			children = (
				A99966871B662E23008F752B /* Info.plist */,
			);
			name = "Supporting Files";
			sourceTree = "<group>";
		};
		A999669B1B662E23008F752B /* SciWeek58Tests */ = {
			isa = PBXGroup;
			children = (
				A999669E1B662E23008F752B /* SciWeek58Tests.swift */,
				A999669C1B662E23008F752B /* Supporting Files */,
			);
			path = SciWeek58Tests;
			sourceTree = "<group>";
		};
		A999669C1B662E23008F752B /* Supporting Files */ = {
			isa = PBXGroup;
			children = (
				A999669D1B662E23008F752B /* Info.plist */,
			);
			name = "Supporting Files";
			sourceTree = "<group>";
		};
/* End PBXGroup section */

/* Begin PBXNativeTarget section */
		A99966821B662E23008F752B /* SciWeek58 */ = {
			isa = PBXNativeTarget;
			buildConfigurationList = A99966A21B662E23008F752B /* Build configuration list for PBXNativeTarget "SciWeek58" */;
			buildPhases = (
				A999667F1B662E23008F752B /* Sources */,
				A99966801B662E23008F752B /* Frameworks */,
				A99966811B662E23008F752B /* Resources */,
			);
			buildRules = (
			);
			dependencies = (
			);
			name = SciWeek58;
			productName = SciWeek58;
			productReference = A99966831B662E23008F752B /* SciWeek58.app */;
			productType = "com.apple.product-type.application";
		};
		A99966971B662E23008F752B /* SciWeek58Tests */ = {
			isa = PBXNativeTarget;
			buildConfigurationList = A99966A51B662E23008F752B /* Build configuration list for PBXNativeTarget "SciWeek58Tests" */;
			buildPhases = (
				A99966941B662E23008F752B /* Sources */,
				A99966951B662E23008F752B /* Frameworks */,
				A99966961B662E23008F752B /* Resources */,
			);
			buildRules = (
			);
			dependencies = (
				A999669A1B662E23008F752B /* PBXTargetDependency */,
			);
			name = SciWeek58Tests;
			productName = SciWeek58Tests;
			productReference = A99966981B662E23008F752B /* SciWeek58Tests.xctest */;
			productType = "com.apple.product-type.bundle.unit-test";
		};
/* End PBXNativeTarget section */

/* Begin PBXProject section */
		A999667B1B662E22008F752B /* Project object */ = {
			isa = PBXProject;
			attributes = {
				LastUpgradeCheck = 0640;
				ORGANIZATIONNAME = "Naresuan University";
				TargetAttributes = {
					A99966821B662E23008F752B = {
						CreatedOnToolsVersion = 6.4;
						DevelopmentTeam = 65PKPTRG94;
					};
					A99966971B662E23008F752B = {
						CreatedOnToolsVersion = 6.4;
						TestTargetID = A99966821B662E23008F752B;
					};
				};
			};
			buildConfigurationList = A999667E1B662E22008F752B /* Build configuration list for PBXProject "SciWeek58" */;
			compatibilityVersion = "Xcode 3.2";
			developmentRegion = English;
			hasScannedForEncodings = 0;
			knownRegions = (
				en,
				Base,
			);
			mainGroup = A999667A1B662E22008F752B;
			productRefGroup = A99966841B662E23008F752B /* Products */;
			projectDirPath = "";
			projectRoot = "";
			targets = (
				A99966821B662E23008F752B /* SciWeek58 */,
				A99966971B662E23008F752B /* SciWeek58Tests */,
			);
		};
/* End PBXProject section */

/* Begin PBXResourcesBuildPhase section */
		A99966811B662E23008F752B /* Resources */ = {
			isa = PBXResourcesBuildPhase;
			buildActionMask = 2147483647;
			files = (
				A999668E1B662E23008F752B /* Main.storyboard in Resources */,
				A99966931B662E23008F752B /* LaunchScreen.xib in Resources */,
				A99966901B662E23008F752B /* Images.xcassets in Resources */,
			);
			runOnlyForDeploymentPostprocessing = 0;
		};
		A99966961B662E23008F752B /* Resources */ = {
			isa = PBXResourcesBuildPhase;
			buildActionMask = 2147483647;
			files = (
			);
			runOnlyForDeploymentPostprocessing = 0;
		};
/* End PBXResourcesBuildPhase section */

/* Begin PBXSourcesBuildPhase section */
		A999667F1B662E23008F752B /* Sources */ = {
			isa = PBXSourcesBuildPhase;
			buildActionMask = 2147483647;
			files = (
				A934E16D1B672B520088B64C /* QuestCell.swift in Sources */,
				A99966891B662E23008F752B /* AppDelegate.swift in Sources */,
				A934E1651B6726480088B64C /* QuestViewController.swift in Sources */,
			);
			runOnlyForDeploymentPostprocessing = 0;
		};
		A99966941B662E23008F752B /* Sources */ = {
			isa = PBXSourcesBuildPhase;
			buildActionMask = 2147483647;
			files = (
				A999669F1B662E23008F752B /* SciWeek58Tests.swift in Sources */,
			);
			runOnlyForDeploymentPostprocessing = 0;
		};
/* End PBXSourcesBuildPhase section */

/* Begin PBXTargetDependency section */
		A999669A1B662E23008F752B /* PBXTargetDependency */ = {
			isa = PBXTargetDependency;
			target = A99966821B662E23008F752B /* SciWeek58 */;
			targetProxy = A99966991B662E23008F752B /* PBXContainerItemProxy */;
		};
/* End PBXTargetDependency section */

/* Begin PBXVariantGroup section */
		A999668C1B662E23008F752B /* Main.storyboard */ = {
			isa = PBXVariantGroup;
			children = (
				A999668D1B662E23008F752B /* Base */,
			);
			name = Main.storyboard;
			sourceTree = "<group>";
		};
		A99966911B662E23008F752B /* LaunchScreen.xib */ = {
			isa = PBXVariantGroup;
			children = (
				A99966921B662E23008F752B /* Base */,
			);
			name = LaunchScreen.xib;
			sourceTree = "<group>";
		};
/* End PBXVariantGroup section */

/* Begin XCBuildConfiguration section */
		A99966A01B662E23008F752B /* Debug */ = {
			isa = XCBuildConfiguration;
			buildSettings = {
				ALWAYS_SEARCH_USER_PATHS = NO;
				CLANG_CXX_LANGUAGE_STANDARD = "gnu++0x";
				CLANG_CXX_LIBRARY = "libc++";
				CLANG_ENABLE_MODULES = YES;
				CLANG_ENABLE_OBJC_ARC = YES;
				CLANG_WARN_BOOL_CONVERSION = YES;
				CLANG_WARN_CONSTANT_CONVERSION = YES;
				CLANG_WARN_DIRECT_OBJC_ISA_USAGE = YES_ERROR;
				CLANG_WARN_EMPTY_BODY = YES;
				CLANG_WARN_ENUM_CONVERSION = YES;
				CLANG_WARN_INT_CONVERSION = YES;
				CLANG_WARN_OBJC_ROOT_CLASS = YES_ERROR;
				CLANG_WARN_UNREACHABLE_CODE = YES;
				CLANG_WARN__DUPLICATE_METHOD_MATCH = YES;
				"CODE_SIGN_IDENTITY[sdk=iphoneos*]" = "iPhone Developer";
				COPY_PHASE_STRIP = NO;
				DEBUG_INFORMATION_FORMAT = "dwarf-with-dsym";
				ENABLE_STRICT_OBJC_MSGSEND = YES;
				GCC_C_LANGUAGE_STANDARD = gnu99;
				GCC_DYNAMIC_NO_PIC = NO;
				GCC_NO_COMMON_BLOCKS = YES;
				GCC_OPTIMIZATION_LEVEL = 0;
				GCC_PREPROCESSOR_DEFINITIONS = (
					"DEBUG=1",
					"$(inherited)",
				);
				GCC_SYMBOLS_PRIVATE_EXTERN = NO;
				GCC_WARN_64_TO_32_BIT_CONVERSION = YES;
				GCC_WARN_ABOUT_RETURN_TYPE = YES_ERROR;
				GCC_WARN_UNDECLARED_SELECTOR = YES;
				GCC_WARN_UNINITIALIZED_AUTOS = YES_AGGRESSIVE;
				GCC_WARN_UNUSED_FUNCTION = YES;
				GCC_WARN_UNUSED_VARIABLE = YES;
				IPHONEOS_DEPLOYMENT_TARGET = 8.4;
				MTL_ENABLE_DEBUG_INFO = YES;
				ONLY_ACTIVE_ARCH = YES;
				SDKROOT = iphoneos;
				SWIFT_OPTIMIZATION_LEVEL = "-Onone";
				TARGETED_DEVICE_FAMILY = "1,2";
			};
			name = Debug;
		};
		A99966A11B662E23008F752B /* Release */ = {
			isa = XCBuildConfiguration;
			buildSettings = {
				ALWAYS_SEARCH_USER_PATHS = NO;
				CLANG_CXX_LANGUAGE_STANDARD = "gnu++0x";
				CLANG_CXX_LIBRARY = "libc++";
				CLANG_ENABLE_MODULES = YES;
				CLANG_ENABLE_OBJC_ARC = YES;
				CLANG_WARN_BOOL_CONVERSION = YES;
				CLANG_WARN_CONSTANT_CONVERSION = YES;
				CLANG_WARN_DIRECT_OBJC_ISA_USAGE = YES_ERROR;
				CLANG_WARN_EMPTY_BODY = YES;
				CLANG_WARN_ENUM_CONVERSION = YES;
				CLANG_WARN_INT_CONVERSION = YES;
				CLANG_WARN_OBJC_ROOT_CLASS = YES_ERROR;
				CLANG_WARN_UNREACHABLE_CODE = YES;
				CLANG_WARN__DUPLICATE_METHOD_MATCH = YES;
				"CODE_SIGN_IDENTITY[sdk=iphoneos*]" = "iPhone Developer";
				COPY_PHASE_STRIP = NO;
				DEBUG_INFORMATION_FORMAT = "dwarf-with-dsym";
				ENABLE_NS_ASSERTIONS = NO;
				ENABLE_STRICT_OBJC_MSGSEND = YES;
				GCC_C_LANGUAGE_STANDARD = gnu99;
				GCC_NO_COMMON_BLOCKS = YES;
				GCC_WARN_64_TO_32_BIT_CONVERSION = YES;
				GCC_WARN_ABOUT_RETURN_TYPE = YES_ERROR;
				GCC_WARN_UNDECLARED_SELECTOR = YES;
				GCC_WARN_UNINITIALIZED_AUTOS = YES_AGGRESSIVE;
				GCC_WARN_UNUSED_FUNCTION = YES;
				GCC_WARN_UNUSED_VARIABLE = YES;
				IPHONEOS_DEPLOYMENT_TARGET = 8.4;
				MTL_ENABLE_DEBUG_INFO = NO;
				SDKROOT = iphoneos;
				TARGETED_DEVICE_FAMILY = "1,2";
				VALIDATE_PRODUCT = YES;
			};
			name = Release;
		};
		A99966A31B662E23008F752B /* Debug */ = {
			isa = XCBuildConfiguration;
			buildSettings = {
				ASSETCATALOG_COMPILER_APPICON_NAME = AppIcon;
				CODE_SIGN_IDENTITY = "iPhone Developer";
				INFOPLIST_FILE = SciWeek58/Info.plist;
				LD_RUNPATH_SEARCH_PATHS = "$(inherited) @executable_path/Frameworks";
				PRODUCT_NAME = "$(TARGET_NAME)";
			};
			name = Debug;
		};
		A99966A41B662E23008F752B /* Release */ = {
			isa = XCBuildConfiguration;
			buildSettings = {
				ASSETCATALOG_COMPILER_APPICON_NAME = AppIcon;
				CODE_SIGN_IDENTITY = "iPhone Developer";
				INFOPLIST_FILE = SciWeek58/Info.plist;
				LD_RUNPATH_SEARCH_PATHS = "$(inherited) @executable_path/Frameworks";
				PRODUCT_NAME = "$(TARGET_NAME)";
			};
			name = Release;
		};
		A99966A61B662E23008F752B /* Debug */ = {
			isa = XCBuildConfiguration;
			buildSettings = {
				BUNDLE_LOADER = "$(TEST_HOST)";
				FRAMEWORK_SEARCH_PATHS = (
					"$(SDKROOT)/Developer/Library/Frameworks",
					"$(inherited)",
				);
				GCC_PREPROCESSOR_DEFINITIONS = (
					"DEBUG=1",
					"$(inherited)",
				);
				INFOPLIST_FILE = SciWeek58Tests/Info.plist;
				LD_RUNPATH_SEARCH_PATHS = "$(inherited) @executable_path/Frameworks @loader_path/Frameworks";
				PRODUCT_NAME = "$(TARGET_NAME)";
				TEST_HOST = "$(BUILT_PRODUCTS_DIR)/SciWeek58.app/SciWeek58";
			};
			name = Debug;
		};
		A99966A71B662E23008F752B /* Release */ = {
			isa = XCBuildConfiguration;
			buildSettings = {
				BUNDLE_LOADER = "$(TEST_HOST)";
				FRAMEWORK_SEARCH_PATHS = (
					"$(SDKROOT)/Developer/Library/Frameworks",
					"$(inherited)",
				);
				INFOPLIST_FILE = SciWeek58Tests/Info.plist;
				LD_RUNPATH_SEARCH_PATHS = "$(inherited) @executable_path/Frameworks @loader_path/Frameworks";
				PRODUCT_NAME = "$(TARGET_NAME)";
				TEST_HOST = "$(BUILT_PRODUCTS_DIR)/SciWeek58.app/SciWeek58";
			};
			name = Release;
		};
/* End XCBuildConfiguration section */

/* Begin XCConfigurationList section */
		A999667E1B662E22008F752B /* Build configuration list for PBXProject "SciWeek58" */ = {
			isa = XCConfigurationList;
			buildConfigurations = (
				A99966A01B662E23008F752B /* Debug */,
				A99966A11B662E23008F752B /* Release */,
			);
			defaultConfigurationIsVisible = 0;
			defaultConfigurationName = Release;
		};
		A99966A21B662E23008F752B /* Build configuration list for PBXNativeTarget "SciWeek58" */ = {
			isa = XCConfigurationList;
			buildConfigurations = (
				A99966A31B662E23008F752B /* Debug */,
				A99966A41B662E23008F752B /* Release */,
			);
			defaultConfigurationIsVisible = 0;
			defaultConfigurationName = Release;
		};
		A99966A51B662E23008F752B /* Build configuration list for PBXNativeTarget "SciWeek58Tests" */ = {
			isa = XCConfigurationList;
			buildConfigurations = (
				A99966A61B662E23008F752B /* Debug */,
				A99966A71B662E23008F752B /* Release */,
			);
			defaultConfigurationIsVisible = 0;
			defaultConfigurationName = Release;
		};
/* End XCConfigurationList section */
	};
	rootObject = A999667B1B662E22008F752B /* Project object */;
}
